
Microsoft Visual Studio Solution File, Format Version 12.00
# Visual Studio Version 17
VisualStudioVersion = 17.13.35919.96 d17.13
MinimumVisualStudioVersion = 10.0.40219.1
Project("{FAE04EC0-301F-11D3-BF4B-00C04F79EFBC}") = "LAB_3", "LAB_3\LAB_3.csproj", "{453201A4-5B40-4264-BFC8-C2BA51F9DD4E}"
EndProject
Project("{FAE04EC0-301F-11D3-BF4B-00C04F79EFBC}") = "LAB_4", "LAB_4\LAB_4.csproj", "{40EB8BDB-B46B-4F9F-87EA-ACFCC8AE1F6F}"
EndProject
Project("{FAE04EC0-301F-11D3-BF4B-00C04F79EFBC}") = "LAB_5", "LAB_5\LAB_5.csproj", "{6BB102A6-506A-4814-9B53-D0452F4CEA93}"
EndProject
Global
	GlobalSection(SolutionConfigurationPlatforms) = preSolution
		Debug|Any CPU = Debug|Any CPU
		Release|Any CPU = Release|Any CPU
	EndGlobalSection
	GlobalSection(ProjectConfigurationPlatforms) = postSolution
		{453201A4-5B40-4264-BFC8-C2BA51F9DD4E}.Debug|Any CPU.ActiveCfg = Debug|Any CPU
		{453201A4-5B40-4264-BFC8-C2BA51F9DD4E}.Debug|Any CPU.Build.0 = Debug|Any CPU
		{453201A4-5B40-4264-BFC8-C2BA51F9DD4E}.Release|Any CPU.ActiveCfg = Release|Any CPU
		{453201A4-5B40-4264-BFC8-C2BA51F9DD4E}.Release|Any CPU.Build.0 = Release|Any CPU
		{40EB8BDB-B46B-4F9F-87EA-ACFCC8AE1F6F}.Debug|Any CPU.ActiveCfg = Debug|Any CPU
		{40EB8BDB-B46B-4F9F-87EA-ACFCC8AE1F6F}.Debug|Any CPU.Build.0 = Debug|Any CPU
		{40EB8BDB-B46B-4F9F-87EA-ACFCC8AE1F6F}.Release|Any CPU.ActiveCfg = Release|Any CPU
		{40EB8BDB-B46B-4F9F-87EA-ACFCC8AE1F6F}.Release|Any CPU.Build.0 = Release|Any CPU
		{6BB102A6-506A-4814-9B53-D0452F4CEA93}.Debug|Any CPU.ActiveCfg = Debug|Any CPU
		{6BB102A6-506A-4814-9B53-D0452F4CEA93}.Debug|Any CPU.Build.0 = Debug|Any CPU
		{6BB102A6-506A-4814-9B53-D0452F4CEA93}.Release|Any CPU.ActiveCfg = Release|Any CPU
		{6BB102A6-506A-4814-9B53-D0452F4CEA93}.Release|Any CPU.Build.0 = Release|Any CPU
	EndGlobalSection
	GlobalSection(SolutionProperties) = preSolution
		HideSolutionNode = FALSE
	EndGlobalSection
	GlobalSection(ExtensibilityGlobals) = postSolution
		SolutionGuid = {D651F06D-EE75-4EE7-92B3-4934E8D1128D}
	EndGlobalSection
EndGlobal
